
Microsoft Visual Studio Solution File, Format Version 12.00
# Visual Studio Version 16
VisualStudioVersion = 16.0.29324.140
MinimumVisualStudioVersion = 10.0.40219.1
Project("{FAE04EC0-301F-11D3-BF4B-00C04F79EFBC}") = "ShippingApi", "ShippingApi\ShippingApi.csproj", "{58606177-E32F-4EB6-BC17-47817D4165A4}"
EndProject
Project("{FAE04EC0-301F-11D3-BF4B-00C04F79EFBC}") = "ShippingApi.Tests", "ShippingApi.Tests\ShippingApi.Tests.csproj", "{F344E1C7-31AC-48BE-8E38-D69272AC395D}"
EndProject
Global
	GlobalSection(SolutionConfigurationPlatforms) = preSolution
		Debug|Any CPU = Debug|Any CPU
		Release|Any CPU = Release|Any CPU
	EndGlobalSection
	GlobalSection(ProjectConfigurationPlatforms) = postSolution
		{58606177-E32F-4EB6-BC17-47817D4165A4}.Debug|Any CPU.ActiveCfg = Debug|Any CPU
		{58606177-E32F-4EB6-BC17-47817D4165A4}.Debug|Any CPU.Build.0 = Debug|Any CPU
		{58606177-E32F-4EB6-BC17-47817D4165A4}.Release|Any CPU.ActiveCfg = Release|Any CPU
		{58606177-E32F-4EB6-BC17-47817D4165A4}.Release|Any CPU.Build.0 = Release|Any CPU
		{F344E1C7-31AC-48BE-8E38-D69272AC395D}.Debug|Any CPU.ActiveCfg = Debug|Any CPU
		{F344E1C7-31AC-48BE-8E38-D69272AC395D}.Debug|Any CPU.Build.0 = Debug|Any CPU
		{F344E1C7-31AC-48BE-8E38-D69272AC395D}.Release|Any CPU.ActiveCfg = Release|Any CPU
		{F344E1C7-31AC-48BE-8E38-D69272AC395D}.Release|Any CPU.Build.0 = Release|Any CPU
	EndGlobalSection
	GlobalSection(SolutionProperties) = preSolution
		HideSolutionNode = FALSE
	EndGlobalSection
	GlobalSection(ExtensibilityGlobals) = postSolution
		SolutionGuid = {F2A12288-0128-45CC-917C-B3EBD3EC71B1}
	EndGlobalSection
EndGlobal
